
Microsoft Visual Studio Solution File, Format Version 12.00
# Visual Studio Version 17
VisualStudioVersion = 17.12.35527.113 d17.12
MinimumVisualStudioVersion = 10.0.40219.1
Project("{2150E333-8FDC-42A3-9474-1A3956D46DE8}") = "Services", "Services", "{FD1E1FFC-BB75-40BE-8ABA-7E8F46D97025}"
EndProject
Project("{2150E333-8FDC-42A3-9474-1A3956D46DE8}") = "Catalog", "Catalog", "{4B50D8BA-FA57-456D-B35B-B74F85757B2F}"
EndProject
Global
	GlobalSection(SolutionProperties) = preSolution
		HideSolutionNode = FALSE
	EndGlobalSection
	GlobalSection(NestedProjects) = preSolution
		{4B50D8BA-FA57-456D-B35B-B74F85757B2F} = {FD1E1FFC-BB75-40BE-8ABA-7E8F46D97025}
	EndGlobalSection
EndGlobal
